{
  "nodes": {
    "home-manager": {
      "inputs": {
        "nixpkgs": [
          "nixpkgs"
        ]
      },
      "locked": {
        "lastModified": 1748455876,
        "narHash": "sha256-4n9uDN54LSgN7WVEzj2r0nBthV5m0uFi9BgiD0dfS54=",
        "owner": "nix-community",
        "repo": "home-manager",
        "rev": "529d2aac542a42c57d4b765501ace564b07e3d99",
        "type": "github"
      },
      "original": {
        "owner": "nix-community",
        "ref": "release-25.05",
        "repo": "home-manager",
        "type": "github"
      }
    },
    "nix-darwin": {
      "inputs": {
        "nixpkgs": [
          "nixpkgs"
        ]
      },
      "locked": {
        "lastModified": 1748373722,
        "narHash": "sha256-qi6aDGP2W6GyAUNEhg+slQWEpUiJ8LNIrQkmxHpzadI=",
        "owner": "nix-darwin",
        "repo": "nix-darwin",
        "rev": "75b99daa12b1fffd646d6c3cf13b06f1fa5cef63",
        "type": "github"
      },
      "original": {
        "owner": "nix-darwin",
        "ref": "nix-darwin-25.05",
        "repo": "nix-darwin",
        "type": "github"
      }
    },
    "nixpkgs": {
      "locked": {
        "lastModified": 1748460882,
        "narHash": "sha256-nm8eV2p7m4t3eSgqlDJM8pvZaAPifd4LsoSPndufAIY=",
        "owner": "NixOS",
        "repo": "nixpkgs",
        "rev": "0ec1b79c9f7111d5df758d106bfa9aedad362ca0",
        "type": "github"
      },
      "original": {
        "owner": "NixOS",
        "ref": "release-25.05",
        "repo": "nixpkgs",
        "type": "github"
      }
    },
    "root": {
      "inputs": {
        "home-manager": "home-manager",
        "nix-darwin": "nix-darwin",
        "nixpkgs": "nixpkgs"
      }
    }
  },
  "root": "root",
  "version": 7
}
